{
  "name": "scheduled",
  "version": "1.0.0",
  "lockfileVersion": 2,
  "requires": true,
  "packages": {
    "": {
      "name": "scheduled",
      "version": "1.0.0",
      "license": "ISC",
      "dependencies": {
        "@sentry/serverless": "^7.46.0",
        "axios": "^1.4.0"
      }
    },
    "node_modules/@sentry-internal/tracing": {
      "version": "7.55.2",
      "resolved": "https://registry.npmjs.org/@sentry-internal/tracing/-/tracing-7.55.2.tgz",
      "integrity": "sha512-yBW+R7NfwLrOjpwOJHoOSvGDDoM3ZKod5OKXi7Gd5tYqVm1mCaL0n2/wlNMcGTbPbulLBtgzjoTU1bPJAGhmYw==",
      "dependencies": {
        "@sentry/core": "7.55.2",
        "@sentry/types": "7.55.2",
        "@sentry/utils": "7.55.2",
        "tslib": "^1.9.3"
      },
      "engines": {
        "node": ">=8"
      }
    },
    "node_modules/@sentry/core": {
      "version": "7.55.2",
      "resolved": "https://registry.npmjs.org/@sentry/core/-/core-7.55.2.tgz",
      "integrity": "sha512-clzQirownxqADv9+fopyMJTHzaoWedkN2+mi4ro1LxjLgROdXBFurMCC1nT+7cH/xvQ5gMIRkM/y/4gRtKy2Ew==",
      "dependencies": {
        "@sentry/types": "7.55.2",
        "@sentry/utils": "7.55.2",
        "tslib": "^1.9.3"
      },
      "engines": {
        "node": ">=8"
      }
    },
    "node_modules/@sentry/node": {
      "version": "7.55.2",
      "resolved": "https://registry.npmjs.org/@sentry/node/-/node-7.55.2.tgz",
      "integrity": "sha512-43lGfMFFUD38Xerc4DqIuQkEOETHCh31JHUTI6r/gXdzmcKpWRscgH4nAcAUoCu+Myrv0fVXsOa12FM4DPfr8A==",
      "dependencies": {
        "@sentry-internal/tracing": "7.55.2",
        "@sentry/core": "7.55.2",
        "@sentry/types": "7.55.2",
        "@sentry/utils": "7.55.2",
        "cookie": "^0.4.1",
        "https-proxy-agent": "^5.0.0",
        "lru_map": "^0.3.3",
        "tslib": "^1.9.3"
      },
      "engines": {
        "node": ">=8"
      }
    },
    "node_modules/@sentry/serverless": {
      "version": "7.55.2",
      "resolved": "https://registry.npmjs.org/@sentry/serverless/-/serverless-7.55.2.tgz",
      "integrity": "sha512-REPfqKdyY7EcHzMSFH1gqNUNsipq7RL58nIeQxLzwSl1uMf0ntOTkfFOpZG1/0sAcS0zK0A3/n4sD7YIVJs32A==",
      "dependencies": {
        "@sentry/core": "7.55.2",
        "@sentry/node": "7.55.2",
        "@sentry/types": "7.55.2",
        "@sentry/utils": "7.55.2",
        "@types/aws-lambda": "^8.10.62",
        "@types/express": "^4.17.14",
        "tslib": "^1.9.3"
      },
      "engines": {
        "node": ">=10"
      }
    },
    "node_modules/@sentry/types": {
      "version": "7.55.2",
      "resolved": "https://registry.npmjs.org/@sentry/types/-/types-7.55.2.tgz",
      "integrity": "sha512-mAtkA8wvUDrLjAAmy9tjn+NiXcxVz/ltbslTKaIW6JNgVRz5kMt1Ny8RJsgqaZqa4LFP8q+IvWw4Vd91kb57rA==",
      "engines": {
        "node": ">=8"
      }
    },
    "node_modules/@sentry/utils": {
      "version": "7.55.2",
      "resolved": "https://registry.npmjs.org/@sentry/utils/-/utils-7.55.2.tgz",
      "integrity": "sha512-Yv9XtbOESdN7bkK2AMrKsmKMF5OOVv5v5hVcOqXtSTw1t2oMAtRjXXqGpUo+TkdTOjeoX6dr19ozVFHaGvqHkw==",
      "dependencies": {
        "@sentry/types": "7.55.2",
        "tslib": "^1.9.3"
      },
      "engines": {
        "node": ">=8"
      }
    },
    "node_modules/@types/aws-lambda": {
      "version": "8.10.119",
      "resolved": "https://registry.npmjs.org/@types/aws-lambda/-/aws-lambda-8.10.119.tgz",
      "integrity": "sha512-Vqm22aZrCvCd6I5g1SvpW151jfqwTzEZ7XJ3yZ6xaZG31nUEOEyzzVImjRcsN8Wi/QyPxId/x8GTtgIbsy8kEw=="
    },
    "node_modules/@types/body-parser": {
      "version": "1.19.2",
      "resolved": "https://registry.npmjs.org/@types/body-parser/-/body-parser-1.19.2.tgz",
      "integrity": "sha512-ALYone6pm6QmwZoAgeyNksccT9Q4AWZQ6PvfwR37GT6r6FWUPguq6sUmNGSMV2Wr761oQoBxwGGa6DR5o1DC9g==",
      "dependencies": {
        "@types/connect": "*",
        "@types/node": "*"
      }
    },
    "node_modules/@types/connect": {
      "version": "3.4.35",
      "resolved": "https://registry.npmjs.org/@types/connect/-/connect-3.4.35.tgz",
      "integrity": "sha512-cdeYyv4KWoEgpBISTxWvqYsVy444DOqehiF3fM3ne10AmJ62RSyNkUnxMJXHQWRQQX2eR94m5y1IZyDwBjV9FQ==",
      "dependencies": {
        "@types/node": "*"
      }
    },
    "node_modules/@types/express": {
      "version": "4.17.17",
      "resolved": "https://registry.npmjs.org/@types/express/-/express-4.17.17.tgz",
      "integrity": "sha512-Q4FmmuLGBG58btUnfS1c1r/NQdlp3DMfGDGig8WhfpA2YRUtEkxAjkZb0yvplJGYdF1fsQ81iMDcH24sSCNC/Q==",
      "dependencies": {
        "@types/body-parser": "*",
        "@types/express-serve-static-core": "^4.17.33",
        "@types/qs": "*",
        "@types/serve-static": "*"
      }
    },
    "node_modules/@types/express-serve-static-core": {
      "version": "4.17.35",
      "resolved": "https://registry.npmjs.org/@types/express-serve-static-core/-/express-serve-static-core-4.17.35.tgz",
      "integrity": "sha512-wALWQwrgiB2AWTT91CB62b6Yt0sNHpznUXeZEcnPU3DRdlDIz74x8Qg1UUYKSVFi+va5vKOLYRBI1bRKiLLKIg==",
      "dependencies": {
        "@types/node": "*",
        "@types/qs": "*",
        "@types/range-parser": "*",
        "@types/send": "*"
      }
    },
    "node_modules/@types/mime": {
      "version": "1.3.2",
      "resolved": "https://registry.npmjs.org/@types/mime/-/mime-1.3.2.tgz",
      "integrity": "sha512-YATxVxgRqNH6nHEIsvg6k2Boc1JHI9ZbH5iWFFv/MTkchz3b1ieGDa5T0a9RznNdI0KhVbdbWSN+KWWrQZRxTw=="
    },
    "node_modules/@types/node": {
      "version": "20.3.1",
      "resolved": "https://registry.npmjs.org/@types/node/-/node-20.3.1.tgz",
      "integrity": "sha512-EhcH/wvidPy1WeML3TtYFGR83UzjxeWRen9V402T8aUGYsCHOmfoisV3ZSg03gAFIbLq8TnWOJ0f4cALtnSEUg=="
    },
    "node_modules/@types/qs": {
      "version": "6.9.7",
      "resolved": "https://registry.npmjs.org/@types/qs/-/qs-6.9.7.tgz",
      "integrity": "sha512-FGa1F62FT09qcrueBA6qYTrJPVDzah9a+493+o2PCXsesWHIn27G98TsSMs3WPNbZIEj4+VJf6saSFpvD+3Zsw=="
    },
    "node_modules/@types/range-parser": {
      "version": "1.2.4",
      "resolved": "https://registry.npmjs.org/@types/range-parser/-/range-parser-1.2.4.tgz",
      "integrity": "sha512-EEhsLsD6UsDM1yFhAvy0Cjr6VwmpMWqFBCb9w07wVugF7w9nfajxLuVmngTIpgS6svCnm6Vaw+MZhoDCKnOfsw=="
    },
    "node_modules/@types/send": {
      "version": "0.17.1",
      "resolved": "https://registry.npmjs.org/@types/send/-/send-0.17.1.tgz",
      "integrity": "sha512-Cwo8LE/0rnvX7kIIa3QHCkcuF21c05Ayb0ZfxPiv0W8VRiZiNW/WuRupHKpqqGVGf7SUA44QSOUKaEd9lIrd/Q==",
      "dependencies": {
        "@types/mime": "^1",
        "@types/node": "*"
      }
    },
    "node_modules/@types/serve-static": {
      "version": "1.15.1",
      "resolved": "https://registry.npmjs.org/@types/serve-static/-/serve-static-1.15.1.tgz",
      "integrity": "sha512-NUo5XNiAdULrJENtJXZZ3fHtfMolzZwczzBbnAeBbqBwG+LaG6YaJtuwzwGSQZ2wsCrxjEhNNjAkKigy3n8teQ==",
      "dependencies": {
        "@types/mime": "*",
        "@types/node": "*"
      }
    },
    "node_modules/agent-base": {
      "version": "6.0.2",
      "resolved": "https://registry.npmjs.org/agent-base/-/agent-base-6.0.2.tgz",
      "integrity": "sha512-RZNwNclF7+MS/8bDg70amg32dyeZGZxiDuQmZxKLAlQjr3jGyLx+4Kkk58UO7D2QdgFIQCovuSuZESne6RG6XQ==",
      "dependencies": {
        "debug": "4"
      },
      "engines": {
        "node": ">= 6.0.0"
      }
    },
    "node_modules/asynckit": {
      "version": "0.4.0",
      "resolved": "https://registry.npmjs.org/asynckit/-/asynckit-0.4.0.tgz",
      "integrity": "sha512-Oei9OH4tRh0YqU3GxhX79dM/mwVgvbZJaSNaRk+bshkj0S5cfHcgYakreBjrHwatXKbz+IoIdYLxrKim2MjW0Q=="
    },
    "node_modules/axios": {
      "version": "1.4.0",
      "resolved": "https://registry.npmjs.org/axios/-/axios-1.4.0.tgz",
      "integrity": "sha512-S4XCWMEmzvo64T9GfvQDOXgYRDJ/wsSZc7Jvdgx5u1sd0JwsuPLqb3SYmusag+edF6ziyMensPVqLTSc1PiSEA==",
      "dependencies": {
        "follow-redirects": "^1.15.0",
        "form-data": "^4.0.0",
        "proxy-from-env": "^1.1.0"
      }
    },
    "node_modules/combined-stream": {
      "version": "1.0.8",
      "resolved": "https://registry.npmjs.org/combined-stream/-/combined-stream-1.0.8.tgz",
      "integrity": "sha512-FQN4MRfuJeHf7cBbBMJFXhKSDq+2kAArBlmRBvcvFE5BB1HZKXtSFASDhdlz9zOYwxh8lDdnvmMOe/+5cdoEdg==",
      "dependencies": {
        "delayed-stream": "~1.0.0"
      },
      "engines": {
        "node": ">= 0.8"
      }
    },
    "node_modules/cookie": {
      "version": "0.4.2",
      "resolved": "https://registry.npmjs.org/cookie/-/cookie-0.4.2.tgz",
      "integrity": "sha512-aSWTXFzaKWkvHO1Ny/s+ePFpvKsPnjc551iI41v3ny/ow6tBG5Vd+FuqGNhh1LxOmVzOlGUriIlOaokOvhaStA==",
      "engines": {
        "node": ">= 0.6"
      }
    },
    "node_modules/debug": {
      "version": "4.3.4",
      "resolved": "https://registry.npmjs.org/debug/-/debug-4.3.4.tgz",
      "integrity": "sha512-PRWFHuSU3eDtQJPvnNY7Jcket1j0t5OuOsFzPPzsekD52Zl8qUfFIPEiswXqIvHWGVHOgX+7G/vCNNhehwxfkQ==",
      "dependencies": {
        "ms": "2.1.2"
      },
      "engines": {
        "node": ">=6.0"
      },
      "peerDependenciesMeta": {
        "supports-color": {
          "optional": true
        }
      }
    },
    "node_modules/delayed-stream": {
      "version": "1.0.0",
      "resolved": "https://registry.npmjs.org/delayed-stream/-/delayed-stream-1.0.0.tgz",
      "integrity": "sha512-ZySD7Nf91aLB0RxL4KGrKHBXl7Eds1DAmEdcoVawXnLD7SDhpNgtuII2aAkg7a7QS41jxPSZ17p4VdGnMHk3MQ==",
      "engines": {
        "node": ">=0.4.0"
      }
    },
    "node_modules/follow-redirects": {
      "version": "1.15.2",
      "resolved": "https://registry.npmjs.org/follow-redirects/-/follow-redirects-1.15.2.tgz",
      "integrity": "sha512-VQLG33o04KaQ8uYi2tVNbdrWp1QWxNNea+nmIB4EVM28v0hmP17z7aG1+wAkNzVq4KeXTq3221ye5qTJP91JwA==",
      "funding": [
        {
          "type": "individual",
          "url": "https://github.com/sponsors/RubenVerborgh"
        }
      ],
      "engines": {
        "node": ">=4.0"
      },
      "peerDependenciesMeta": {
        "debug": {
          "optional": true
        }
      }
    },
    "node_modules/form-data": {
      "version": "4.0.0",
      "resolved": "https://registry.npmjs.org/form-data/-/form-data-4.0.0.tgz",
      "integrity": "sha512-ETEklSGi5t0QMZuiXoA/Q6vcnxcLQP5vdugSpuAyi6SVGi2clPPp+xgEhuMaHC+zGgn31Kd235W35f7Hykkaww==",
      "dependencies": {
        "asynckit": "^0.4.0",
        "combined-stream": "^1.0.8",
        "mime-types": "^2.1.12"
      },
      "engines": {
        "node": ">= 6"
      }
    },
    "node_modules/https-proxy-agent": {
      "version": "5.0.1",
      "resolved": "https://registry.npmjs.org/https-proxy-agent/-/https-proxy-agent-5.0.1.tgz",
      "integrity": "sha512-dFcAjpTQFgoLMzC2VwU+C/CbS7uRL0lWmxDITmqm7C+7F0Odmj6s9l6alZc6AELXhrnggM2CeWSXHGOdX2YtwA==",
      "dependencies": {
        "agent-base": "6",
        "debug": "4"
      },
      "engines": {
        "node": ">= 6"
      }
    },
    "node_modules/lru_map": {
      "version": "0.3.3",
      "resolved": "https://registry.npmjs.org/lru_map/-/lru_map-0.3.3.tgz",
      "integrity": "sha512-Pn9cox5CsMYngeDbmChANltQl+5pi6XmTrraMSzhPmMBbmgcxmqWry0U3PGapCU1yB4/LqCcom7qhHZiF/jGfQ=="
    },
    "node_modules/mime-db": {
      "version": "1.52.0",
      "resolved": "https://registry.npmjs.org/mime-db/-/mime-db-1.52.0.tgz",
      "integrity": "sha512-sPU4uV7dYlvtWJxwwxHD0PuihVNiE7TyAbQ5SWxDCB9mUYvOgroQOwYQQOKPJ8CIbE+1ETVlOoK1UC2nU3gYvg==",
      "engines": {
        "node": ">= 0.6"
      }
    },
    "node_modules/mime-types": {
      "version": "2.1.35",
      "resolved": "https://registry.npmjs.org/mime-types/-/mime-types-2.1.35.tgz",
      "integrity": "sha512-ZDY+bPm5zTTF+YpCrAU9nK0UgICYPT0QtT1NZWFv4s++TNkcgVaT0g6+4R2uI4MjQjzysHB1zxuWL50hzaeXiw==",
      "dependencies": {
        "mime-db": "1.52.0"
      },
      "engines": {
        "node": ">= 0.6"
      }
    },
    "node_modules/ms": {
      "version": "2.1.2",
      "resolved": "https://registry.npmjs.org/ms/-/ms-2.1.2.tgz",
      "integrity": "sha512-sGkPx+VjMtmA6MX27oA4FBFELFCZZ4S4XqeGOXCv68tT+jb3vk/RyaKWP0PTKyWtmLSM0b+adUTEvbs1PEaH2w=="
    },
    "node_modules/proxy-from-env": {
      "version": "1.1.0",
      "resolved": "https://registry.npmjs.org/proxy-from-env/-/proxy-from-env-1.1.0.tgz",
      "integrity": "sha512-D+zkORCbA9f1tdWRK0RaCR3GPv50cMxcrz4X8k5LTSUD1Dkw47mKJEZQNunItRTkWwgtaUSo1RVFRIG9ZXiFYg=="
    },
    "node_modules/tslib": {
      "version": "1.14.1",
      "resolved": "https://registry.npmjs.org/tslib/-/tslib-1.14.1.tgz",
      "integrity": "sha512-Xni35NKzjgMrwevysHTCArtLDpPvye8zV/0E4EyYn43P7/7qvQwPh9BGkHewbMulVntbigmcT7rdX3BNo9wRJg=="
    }
  },
  "dependencies": {
    "@sentry-internal/tracing": {
      "version": "7.55.2",
      "resolved": "https://registry.npmjs.org/@sentry-internal/tracing/-/tracing-7.55.2.tgz",
      "integrity": "sha512-yBW+R7NfwLrOjpwOJHoOSvGDDoM3ZKod5OKXi7Gd5tYqVm1mCaL0n2/wlNMcGTbPbulLBtgzjoTU1bPJAGhmYw==",
      "requires": {
        "@sentry/core": "7.55.2",
        "@sentry/types": "7.55.2",
        "@sentry/utils": "7.55.2",
        "tslib": "^1.9.3"
      }
    },
    "@sentry/core": {
      "version": "7.55.2",
      "resolved": "https://registry.npmjs.org/@sentry/core/-/core-7.55.2.tgz",
      "integrity": "sha512-clzQirownxqADv9+fopyMJTHzaoWedkN2+mi4ro1LxjLgROdXBFurMCC1nT+7cH/xvQ5gMIRkM/y/4gRtKy2Ew==",
      "requires": {
        "@sentry/types": "7.55.2",
        "@sentry/utils": "7.55.2",
        "tslib": "^1.9.3"
      }
    },
    "@sentry/node": {
      "version": "7.55.2",
      "resolved": "https://registry.npmjs.org/@sentry/node/-/node-7.55.2.tgz",
      "integrity": "sha512-43lGfMFFUD38Xerc4DqIuQkEOETHCh31JHUTI6r/gXdzmcKpWRscgH4nAcAUoCu+Myrv0fVXsOa12FM4DPfr8A==",
      "requires": {
        "@sentry-internal/tracing": "7.55.2",
        "@sentry/core": "7.55.2",
        "@sentry/types": "7.55.2",
        "@sentry/utils": "7.55.2",
        "cookie": "^0.4.1",
        "https-proxy-agent": "^5.0.0",
        "lru_map": "^0.3.3",
        "tslib": "^1.9.3"
      }
    },
    "@sentry/serverless": {
      "version": "7.55.2",
      "resolved": "https://registry.npmjs.org/@sentry/serverless/-/serverless-7.55.2.tgz",
      "integrity": "sha512-REPfqKdyY7EcHzMSFH1gqNUNsipq7RL58nIeQxLzwSl1uMf0ntOTkfFOpZG1/0sAcS0zK0A3/n4sD7YIVJs32A==",
      "requires": {
        "@sentry/core": "7.55.2",
        "@sentry/node": "7.55.2",
        "@sentry/types": "7.55.2",
        "@sentry/utils": "7.55.2",
        "@types/aws-lambda": "^8.10.62",
        "@types/express": "^4.17.14",
        "tslib": "^1.9.3"
      }
    },
    "@sentry/types": {
      "version": "7.55.2",
      "resolved": "https://registry.npmjs.org/@sentry/types/-/types-7.55.2.tgz",
      "integrity": "sha512-mAtkA8wvUDrLjAAmy9tjn+NiXcxVz/ltbslTKaIW6JNgVRz5kMt1Ny8RJsgqaZqa4LFP8q+IvWw4Vd91kb57rA=="
    },
    "@sentry/utils": {
      "version": "7.55.2",
      "resolved": "https://registry.npmjs.org/@sentry/utils/-/utils-7.55.2.tgz",
      "integrity": "sha512-Yv9XtbOESdN7bkK2AMrKsmKMF5OOVv5v5hVcOqXtSTw1t2oMAtRjXXqGpUo+TkdTOjeoX6dr19ozVFHaGvqHkw==",
      "requires": {
        "@sentry/types": "7.55.2",
        "tslib": "^1.9.3"
      }
    },
    "@types/aws-lambda": {
      "version": "8.10.119",
      "resolved": "https://registry.npmjs.org/@types/aws-lambda/-/aws-lambda-8.10.119.tgz",
      "integrity": "sha512-Vqm22aZrCvCd6I5g1SvpW151jfqwTzEZ7XJ3yZ6xaZG31nUEOEyzzVImjRcsN8Wi/QyPxId/x8GTtgIbsy8kEw=="
    },
    "@types/body-parser": {
      "version": "1.19.2",
      "resolved": "https://registry.npmjs.org/@types/body-parser/-/body-parser-1.19.2.tgz",
      "integrity": "sha512-ALYone6pm6QmwZoAgeyNksccT9Q4AWZQ6PvfwR37GT6r6FWUPguq6sUmNGSMV2Wr761oQoBxwGGa6DR5o1DC9g==",
      "requires": {
        "@types/connect": "*",
        "@types/node": "*"
      }
    },
    "@types/connect": {
      "version": "3.4.35",
      "resolved": "https://registry.npmjs.org/@types/connect/-/connect-3.4.35.tgz",
      "integrity": "sha512-cdeYyv4KWoEgpBISTxWvqYsVy444DOqehiF3fM3ne10AmJ62RSyNkUnxMJXHQWRQQX2eR94m5y1IZyDwBjV9FQ==",
      "requires": {
        "@types/node": "*"
      }
    },
    "@types/express": {
      "version": "4.17.17",
      "resolved": "https://registry.npmjs.org/@types/express/-/express-4.17.17.tgz",
      "integrity": "sha512-Q4FmmuLGBG58btUnfS1c1r/NQdlp3DMfGDGig8WhfpA2YRUtEkxAjkZb0yvplJGYdF1fsQ81iMDcH24sSCNC/Q==",
      "requires": {
        "@types/body-parser": "*",
        "@types/express-serve-static-core": "^4.17.33",
        "@types/qs": "*",
        "@types/serve-static": "*"
      }
    },
    "@types/express-serve-static-core": {
      "version": "4.17.35",
      "resolved": "https://registry.npmjs.org/@types/express-serve-static-core/-/express-serve-static-core-4.17.35.tgz",
      "integrity": "sha512-wALWQwrgiB2AWTT91CB62b6Yt0sNHpznUXeZEcnPU3DRdlDIz74x8Qg1UUYKSVFi+va5vKOLYRBI1bRKiLLKIg==",
      "requires": {
        "@types/node": "*",
        "@types/qs": "*",
        "@types/range-parser": "*",
        "@types/send": "*"
      }
    },
    "@types/mime": {
      "version": "1.3.2",
      "resolved": "https://registry.npmjs.org/@types/mime/-/mime-1.3.2.tgz",
      "integrity": "sha512-YATxVxgRqNH6nHEIsvg6k2Boc1JHI9ZbH5iWFFv/MTkchz3b1ieGDa5T0a9RznNdI0KhVbdbWSN+KWWrQZRxTw=="
    },
    "@types/node": {
      "version": "20.3.1",
      "resolved": "https://registry.npmjs.org/@types/node/-/node-20.3.1.tgz",
      "integrity": "sha512-EhcH/wvidPy1WeML3TtYFGR83UzjxeWRen9V402T8aUGYsCHOmfoisV3ZSg03gAFIbLq8TnWOJ0f4cALtnSEUg=="
    },
    "@types/qs": {
      "version": "6.9.7",
      "resolved": "https://registry.npmjs.org/@types/qs/-/qs-6.9.7.tgz",
      "integrity": "sha512-FGa1F62FT09qcrueBA6qYTrJPVDzah9a+493+o2PCXsesWHIn27G98TsSMs3WPNbZIEj4+VJf6saSFpvD+3Zsw=="
    },
    "@types/range-parser": {
      "version": "1.2.4",
      "resolved": "https://registry.npmjs.org/@types/range-parser/-/range-parser-1.2.4.tgz",
      "integrity": "sha512-EEhsLsD6UsDM1yFhAvy0Cjr6VwmpMWqFBCb9w07wVugF7w9nfajxLuVmngTIpgS6svCnm6Vaw+MZhoDCKnOfsw=="
    },
    "@types/send": {
      "version": "0.17.1",
      "resolved": "https://registry.npmjs.org/@types/send/-/send-0.17.1.tgz",
      "integrity": "sha512-Cwo8LE/0rnvX7kIIa3QHCkcuF21c05Ayb0ZfxPiv0W8VRiZiNW/WuRupHKpqqGVGf7SUA44QSOUKaEd9lIrd/Q==",
      "requires": {
        "@types/mime": "^1",
        "@types/node": "*"
      }
    },
    "@types/serve-static": {
      "version": "1.15.1",
      "resolved": "https://registry.npmjs.org/@types/serve-static/-/serve-static-1.15.1.tgz",
      "integrity": "sha512-NUo5XNiAdULrJENtJXZZ3fHtfMolzZwczzBbnAeBbqBwG+LaG6YaJtuwzwGSQZ2wsCrxjEhNNjAkKigy3n8teQ==",
      "requires": {
        "@types/mime": "*",
        "@types/node": "*"
      }
    },
    "agent-base": {
      "version": "6.0.2",
      "resolved": "https://registry.npmjs.org/agent-base/-/agent-base-6.0.2.tgz",
      "integrity": "sha512-RZNwNclF7+MS/8bDg70amg32dyeZGZxiDuQmZxKLAlQjr3jGyLx+4Kkk58UO7D2QdgFIQCovuSuZESne6RG6XQ==",
      "requires": {
        "debug": "4"
      }
    },
    "asynckit": {
      "version": "0.4.0",
      "resolved": "https://registry.npmjs.org/asynckit/-/asynckit-0.4.0.tgz",
      "integrity": "sha512-Oei9OH4tRh0YqU3GxhX79dM/mwVgvbZJaSNaRk+bshkj0S5cfHcgYakreBjrHwatXKbz+IoIdYLxrKim2MjW0Q=="
    },
    "axios": {
      "version": "1.4.0",
      "resolved": "https://registry.npmjs.org/axios/-/axios-1.4.0.tgz",
      "integrity": "sha512-S4XCWMEmzvo64T9GfvQDOXgYRDJ/wsSZc7Jvdgx5u1sd0JwsuPLqb3SYmusag+edF6ziyMensPVqLTSc1PiSEA==",
      "requires": {
        "follow-redirects": "^1.15.0",
        "form-data": "^4.0.0",
        "proxy-from-env": "^1.1.0"
      }
    },
    "combined-stream": {
      "version": "1.0.8",
      "resolved": "https://registry.npmjs.org/combined-stream/-/combined-stream-1.0.8.tgz",
      "integrity": "sha512-FQN4MRfuJeHf7cBbBMJFXhKSDq+2kAArBlmRBvcvFE5BB1HZKXtSFASDhdlz9zOYwxh8lDdnvmMOe/+5cdoEdg==",
      "requires": {
        "delayed-stream": "~1.0.0"
      }
    },
    "cookie": {
      "version": "0.4.2",
      "resolved": "https://registry.npmjs.org/cookie/-/cookie-0.4.2.tgz",
      "integrity": "sha512-aSWTXFzaKWkvHO1Ny/s+ePFpvKsPnjc551iI41v3ny/ow6tBG5Vd+FuqGNhh1LxOmVzOlGUriIlOaokOvhaStA=="
    },
    "debug": {
      "version": "4.3.4",
      "resolved": "https://registry.npmjs.org/debug/-/debug-4.3.4.tgz",
      "integrity": "sha512-PRWFHuSU3eDtQJPvnNY7Jcket1j0t5OuOsFzPPzsekD52Zl8qUfFIPEiswXqIvHWGVHOgX+7G/vCNNhehwxfkQ==",
      "requires": {
        "ms": "2.1.2"
      }
    },
    "delayed-stream": {
      "version": "1.0.0",
      "resolved": "https://registry.npmjs.org/delayed-stream/-/delayed-stream-1.0.0.tgz",
      "integrity": "sha512-ZySD7Nf91aLB0RxL4KGrKHBXl7Eds1DAmEdcoVawXnLD7SDhpNgtuII2aAkg7a7QS41jxPSZ17p4VdGnMHk3MQ=="
    },
    "follow-redirects": {
      "version": "1.15.2",
      "resolved": "https://registry.npmjs.org/follow-redirects/-/follow-redirects-1.15.2.tgz",
      "integrity": "sha512-VQLG33o04KaQ8uYi2tVNbdrWp1QWxNNea+nmIB4EVM28v0hmP17z7aG1+wAkNzVq4KeXTq3221ye5qTJP91JwA=="
    },
    "form-data": {
      "version": "4.0.0",
      "resolved": "https://registry.npmjs.org/form-data/-/form-data-4.0.0.tgz",
      "integrity": "sha512-ETEklSGi5t0QMZuiXoA/Q6vcnxcLQP5vdugSpuAyi6SVGi2clPPp+xgEhuMaHC+zGgn31Kd235W35f7Hykkaww==",
      "requires": {
        "asynckit": "^0.4.0",
        "combined-stream": "^1.0.8",
        "mime-types": "^2.1.12"
      }
    },
    "https-proxy-agent": {
      "version": "5.0.1",
      "resolved": "https://registry.npmjs.org/https-proxy-agent/-/https-proxy-agent-5.0.1.tgz",
      "integrity": "sha512-dFcAjpTQFgoLMzC2VwU+C/CbS7uRL0lWmxDITmqm7C+7F0Odmj6s9l6alZc6AELXhrnggM2CeWSXHGOdX2YtwA==",
      "requires": {
        "agent-base": "6",
        "debug": "4"
      }
    },
    "lru_map": {
      "version": "0.3.3",
      "resolved": "https://registry.npmjs.org/lru_map/-/lru_map-0.3.3.tgz",
      "integrity": "sha512-Pn9cox5CsMYngeDbmChANltQl+5pi6XmTrraMSzhPmMBbmgcxmqWry0U3PGapCU1yB4/LqCcom7qhHZiF/jGfQ=="
    },
    "mime-db": {
      "version": "1.52.0",
      "resolved": "https://registry.npmjs.org/mime-db/-/mime-db-1.52.0.tgz",
      "integrity": "sha512-sPU4uV7dYlvtWJxwwxHD0PuihVNiE7TyAbQ5SWxDCB9mUYvOgroQOwYQQOKPJ8CIbE+1ETVlOoK1UC2nU3gYvg=="
    },
    "mime-types": {
      "version": "2.1.35",
      "resolved": "https://registry.npmjs.org/mime-types/-/mime-types-2.1.35.tgz",
      "integrity": "sha512-ZDY+bPm5zTTF+YpCrAU9nK0UgICYPT0QtT1NZWFv4s++TNkcgVaT0g6+4R2uI4MjQjzysHB1zxuWL50hzaeXiw==",
      "requires": {
        "mime-db": "1.52.0"
      }
    },
    "ms": {
      "version": "2.1.2",
      "resolved": "https://registry.npmjs.org/ms/-/ms-2.1.2.tgz",
      "integrity": "sha512-sGkPx+VjMtmA6MX27oA4FBFELFCZZ4S4XqeGOXCv68tT+jb3vk/RyaKWP0PTKyWtmLSM0b+adUTEvbs1PEaH2w=="
    },
    "proxy-from-env": {
      "version": "1.1.0",
      "resolved": "https://registry.npmjs.org/proxy-from-env/-/proxy-from-env-1.1.0.tgz",
      "integrity": "sha512-D+zkORCbA9f1tdWRK0RaCR3GPv50cMxcrz4X8k5LTSUD1Dkw47mKJEZQNunItRTkWwgtaUSo1RVFRIG9ZXiFYg=="
    },
    "tslib": {
      "version": "1.14.1",
      "resolved": "https://registry.npmjs.org/tslib/-/tslib-1.14.1.tgz",
      "integrity": "sha512-Xni35NKzjgMrwevysHTCArtLDpPvye8zV/0E4EyYn43P7/7qvQwPh9BGkHewbMulVntbigmcT7rdX3BNo9wRJg=="
    }
  }
}
